// !$*UTF8*$!
{
	archiveVersion = 1;
	classes = {
	};
	objectVersion = 50;
	objects = {

/* Begin PBXBuildFile section */
		1D274E0324EACDAC00599FFC /* AppDelegate.swift in Sources */ = {isa = PBXBuildFile; fileRef = 1D274E0224EACDAC00599FFC /* AppDelegate.swift */; };
		1D274E0524EACDAC00599FFC /* SceneDelegate.swift in Sources */ = {isa = PBXBuildFile; fileRef = 1D274E0424EACDAC00599FFC /* SceneDelegate.swift */; };
		1D274E0724EACDAC00599FFC /* ContentView.swift in Sources */ = {isa = PBXBuildFile; fileRef = 1D274E0624EACDAC00599FFC /* ContentView.swift */; };
		1D274E0924EACDAE00599FFC /* Assets.xcassets in Resources */ = {isa = PBXBuildFile; fileRef = 1D274E0824EACDAE00599FFC /* Assets.xcassets */; };
		1D274E0C24EACDAE00599FFC /* Preview Assets.xcassets in Resources */ = {isa = PBXBuildFile; fileRef = 1D274E0B24EACDAE00599FFC /* Preview Assets.xcassets */; };
		1D274E0F24EACDAE00599FFC /* LaunchScreen.storyboard in Resources */ = {isa = PBXBuildFile; fileRef = 1D274E0D24EACDAE00599FFC /* LaunchScreen.storyboard */; };
		1D274E1A24EACDAE00599FFC /* testTests.swift in Sources */ = {isa = PBXBuildFile; fileRef = 1D274E1924EACDAE00599FFC /* testTests.swift */; };
		1D274E2524EACDAE00599FFC /* testUITests.swift in Sources */ = {isa = PBXBuildFile; fileRef = 1D274E2424EACDAE00599FFC /* testUITests.swift */; };
/* End PBXBuildFile section */

/* Begin PBXContainerItemProxy section */
		1D274E1624EACDAE00599FFC /* PBXContainerItemProxy */ = {
			isa = PBXContainerItemProxy;
			containerPortal = 1D274DF724EACDAC00599FFC /* Project object */;
			proxyType = 1;
			remoteGlobalIDString = 1D274DFE24EACDAC00599FFC;
			remoteInfo = test;
		};
		1D274E2124EACDAE00599FFC /* PBXContainerItemProxy */ = {
			isa = PBXContainerItemProxy;
			containerPortal = 1D274DF724EACDAC00599FFC /* Project object */;
			proxyType = 1;
			remoteGlobalIDString = 1D274DFE24EACDAC00599FFC;
			remoteInfo = test;
		};
/* End PBXContainerItemProxy section */

/* Begin PBXFileReference section */
		1D274DFF24EACDAC00599FFC /* test.app */ = {isa = PBXFileReference; explicitFileType = wrapper.application; includeInIndex = 0; path = test.app; sourceTree = BUILT_PRODUCTS_DIR; };
		1D274E0224EACDAC00599FFC /* AppDelegate.swift */ = {isa = PBXFileReference; lastKnownFileType = sourcecode.swift; path = AppDelegate.swift; sourceTree = "<group>"; };
		1D274E0424EACDAC00599FFC /* SceneDelegate.swift */ = {isa = PBXFileReference; lastKnownFileType = sourcecode.swift; path = SceneDelegate.swift; sourceTree = "<group>"; };
		1D274E0624EACDAC00599FFC /* ContentView.swift */ = {isa = PBXFileReference; lastKnownFileType = sourcecode.swift; path = ContentView.swift; sourceTree = "<group>"; };
		1D274E0824EACDAE00599FFC /* Assets.xcassets */ = {isa = PBXFileReference; lastKnownFileType = folder.assetcatalog; path = Assets.xcassets; sourceTree = "<group>"; };
		1D274E0B24EACDAE00599FFC /* Preview Assets.xcassets */ = {isa = PBXFileReference; lastKnownFileType = folder.assetcatalog; path = "Preview Assets.xcassets"; sourceTree = "<group>"; };
		1D274E0E24EACDAE00599FFC /* Base */ = {isa = PBXFileReference; lastKnownFileType = file.storyboard; name = Base; path = Base.lproj/LaunchScreen.storyboard; sourceTree = "<group>"; };
		1D274E1024EACDAE00599FFC /* Info.plist */ = {isa = PBXFileReference; lastKnownFileType = text.plist.xml; path = Info.plist; sourceTree = "<group>"; };
		1D274E1524EACDAE00599FFC /* testTests.xctest */ = {isa = PBXFileReference; explicitFileType = wrapper.cfbundle; includeInIndex = 0; path = testTests.xctest; sourceTree = BUILT_PRODUCTS_DIR; };
		1D274E1924EACDAE00599FFC /* testTests.swift */ = {isa = PBXFileReference; lastKnownFileType = sourcecode.swift; path = testTests.swift; sourceTree = "<group>"; };
		1D274E1B24EACDAE00599FFC /* Info.plist */ = {isa = PBXFileReference; lastKnownFileType = text.plist.xml; path = Info.plist; sourceTree = "<group>"; };
		1D274E2024EACDAE00599FFC /* testUITests.xctest */ = {isa = PBXFileReference; explicitFileType = wrapper.cfbundle; includeInIndex = 0; path = testUITests.xctest; sourceTree = BUILT_PRODUCTS_DIR; };
		1D274E2424EACDAE00599FFC /* testUITests.swift */ = {isa = PBXFileReference; lastKnownFileType = sourcecode.swift; path = testUITests.swift; sourceTree = "<group>"; };
		1D274E2624EACDAE00599FFC /* Info.plist */ = {isa = PBXFileReference; lastKnownFileType = text.plist.xml; path = Info.plist; sourceTree = "<group>"; };
/* End PBXFileReference section */

/* Begin PBXFrameworksBuildPhase section */
		1D274DFC24EACDAC00599FFC /* Frameworks */ = {
			isa = PBXFrameworksBuildPhase;
			buildActionMask = 2147483647;
			files = (
			);
			runOnlyForDeploymentPostprocessing = 0;
		};
		1D274E1224EACDAE00599FFC /* Frameworks */ = {
			isa = PBXFrameworksBuildPhase;
			buildActionMask = 2147483647;
			files = (
			);
			runOnlyForDeploymentPostprocessing = 0;
		};
		1D274E1D24EACDAE00599FFC /* Frameworks */ = {
			isa = PBXFrameworksBuildPhase;
			buildActionMask = 2147483647;
			files = (
			);
			runOnlyForDeploymentPostprocessing = 0;
		};
/* End PBXFrameworksBuildPhase section */

/* Begin PBXGroup section */
		1D274DF624EACDAC00599FFC = {
			isa = PBXGroup;
			children = (
				1D274E0124EACDAC00599FFC /* test */,
				1D274E1824EACDAE00599FFC /* testTests */,
				1D274E2324EACDAE00599FFC /* testUITests */,
				1D274E0024EACDAC00599FFC /* Products */,
			);
			sourceTree = "<group>";
		};
		1D274E0024EACDAC00599FFC /* Products */ = {
			isa = PBXGroup;
			children = (
				1D274DFF24EACDAC00599FFC /* test.app */,
				1D274E1524EACDAE00599FFC /* testTests.xctest */,
				1D274E2024EACDAE00599FFC /* testUITests.xctest */,
			);
			name = Products;
			sourceTree = "<group>";
		};
		1D274E0124EACDAC00599FFC /* test */ = {
			isa = PBXGroup;
			children = (
				1D274E0224EACDAC00599FFC /* AppDelegate.swift */,
				1D274E0424EACDAC00599FFC /* SceneDelegate.swift */,
				1D274E0624EACDAC00599FFC /* ContentView.swift */,
				1D274E0824EACDAE00599FFC /* Assets.xcassets */,
				1D274E0D24EACDAE00599FFC /* LaunchScreen.storyboard */,
				1D274E1024EACDAE00599FFC /* Info.plist */,
				1D274E0A24EACDAE00599FFC /* Preview Content */,
			);
			path = test;
			sourceTree = "<group>";
		};
		1D274E0A24EACDAE00599FFC /* Preview Content */ = {
			isa = PBXGroup;
			children = (
				1D274E0B24EACDAE00599FFC /* Preview Assets.xcassets */,
			);
			path = "Preview Content";
			sourceTree = "<group>";
		};
		1D274E1824EACDAE00599FFC /* testTests */ = {
			isa = PBXGroup;
			children = (
				1D274E1924EACDAE00599FFC /* testTests.swift */,
				1D274E1B24EACDAE00599FFC /* Info.plist */,
			);
			path = testTests;
			sourceTree = "<group>";
		};
		1D274E2324EACDAE00599FFC /* testUITests */ = {
			isa = PBXGroup;
			children = (
				1D274E2424EACDAE00599FFC /* testUITests.swift */,
				1D274E2624EACDAE00599FFC /* Info.plist */,
			);
			path = testUITests;
			sourceTree = "<group>";
		};
/* End PBXGroup section */

/* Begin PBXNativeTarget section */
		1D274DFE24EACDAC00599FFC /* test */ = {
			isa = PBXNativeTarget;
			buildConfigurationList = 1D274E2924EACDAE00599FFC /* Build configuration list for PBXNativeTarget "test" */;
			buildPhases = (
				1D274DFB24EACDAC00599FFC /* Sources */,
				1D274DFC24EACDAC00599FFC /* Frameworks */,
				1D274DFD24EACDAC00599FFC /* Resources */,
			);
			buildRules = (
			);
			dependencies = (
			);
			name = test;
			productName = test;
			productReference = 1D274DFF24EACDAC00599FFC /* test.app */;
			productType = "com.apple.product-type.application";
		};
		1D274E1424EACDAE00599FFC /* testTests */ = {
			isa = PBXNativeTarget;
			buildConfigurationList = 1D274E2C24EACDAE00599FFC /* Build configuration list for PBXNativeTarget "testTests" */;
			buildPhases = (
				1D274E1124EACDAE00599FFC /* Sources */,
				1D274E1224EACDAE00599FFC /* Frameworks */,
				1D274E1324EACDAE00599FFC /* Resources */,
			);
			buildRules = (
			);
			dependencies = (
				1D274E1724EACDAE00599FFC /* PBXTargetDependency */,
			);
			name = testTests;
			productName = testTests;
			productReference = 1D274E1524EACDAE00599FFC /* testTests.xctest */;
			productType = "com.apple.product-type.bundle.unit-test";
		};
		1D274E1F24EACDAE00599FFC /* testUITests */ = {
			isa = PBXNativeTarget;
			buildConfigurationList = 1D274E2F24EACDAE00599FFC /* Build configuration list for PBXNativeTarget "testUITests" */;
			buildPhases = (
				1D274E1C24EACDAE00599FFC /* Sources */,
				1D274E1D24EACDAE00599FFC /* Frameworks */,
				1D274E1E24EACDAE00599FFC /* Resources */,
			);
			buildRules = (
			);
			dependencies = (
				1D274E2224EACDAE00599FFC /* PBXTargetDependency */,
			);
			name = testUITests;
			productName = testUITests;
			productReference = 1D274E2024EACDAE00599FFC /* testUITests.xctest */;
			productType = "com.apple.product-type.bundle.ui-testing";
		};
/* End PBXNativeTarget section */

/* Begin PBXProject section */
		1D274DF724EACDAC00599FFC /* Project object */ = {
			isa = PBXProject;
			attributes = {
				LastSwiftUpdateCheck = 1160;
				LastUpgradeCheck = 1160;
				ORGANIZATIONNAME = fedelaca;
				TargetAttributes = {
					1D274DFE24EACDAC00599FFC = {
						CreatedOnToolsVersion = 11.6;
					};
					1D274E1424EACDAE00599FFC = {
						CreatedOnToolsVersion = 11.6;
						TestTargetID = 1D274DFE24EACDAC00599FFC;
					};
					1D274E1F24EACDAE00599FFC = {
						CreatedOnToolsVersion = 11.6;
						TestTargetID = 1D274DFE24EACDAC00599FFC;
					};
				};
			};
			buildConfigurationList = 1D274DFA24EACDAC00599FFC /* Build configuration list for PBXProject "test" */;
			compatibilityVersion = "Xcode 9.3";
			developmentRegion = en;
			hasScannedForEncodings = 0;
			knownRegions = (
				en,
				Base,
			);
			mainGroup = 1D274DF624EACDAC00599FFC;
			productRefGroup = 1D274E0024EACDAC00599FFC /* Products */;
			projectDirPath = "";
			projectRoot = "";
			targets = (
				1D274DFE24EACDAC00599FFC /* test */,
				1D274E1424EACDAE00599FFC /* testTests */,
				1D274E1F24EACDAE00599FFC /* testUITests */,
			);
		};
/* End PBXProject section */

/* Begin PBXResourcesBuildPhase section */
		1D274DFD24EACDAC00599FFC /* Resources */ = {
			isa = PBXResourcesBuildPhase;
			buildActionMask = 2147483647;
			files = (
				1D274E0F24EACDAE00599FFC /* LaunchScreen.storyboard in Resources */,
				1D274E0C24EACDAE00599FFC /* Preview Assets.xcassets in Resources */,
				1D274E0924EACDAE00599FFC /* Assets.xcassets in Resources */,
			);
			runOnlyForDeploymentPostprocessing = 0;
		};
		1D274E1324EACDAE00599FFC /* Resources */ = {
			isa = PBXResourcesBuildPhase;
			buildActionMask = 2147483647;
			files = (
			);
			runOnlyForDeploymentPostprocessing = 0;
		};
		1D274E1E24EACDAE00599FFC /* Resources */ = {
			isa = PBXResourcesBuildPhase;
			buildActionMask = 2147483647;
			files = (
			);
			runOnlyForDeploymentPostprocessing = 0;
		};
/* End PBXResourcesBuildPhase section */

/* Begin PBXSourcesBuildPhase section */
		1D274DFB24EACDAC00599FFC /* Sources */ = {
			isa = PBXSourcesBuildPhase;
			buildActionMask = 2147483647;
			files = (
				1D274E0324EACDAC00599FFC /* AppDelegate.swift in Sources */,
				1D274E0524EACDAC00599FFC /* SceneDelegate.swift in Sources */,
				1D274E0724EACDAC00599FFC /* ContentView.swift in Sources */,
			);
			runOnlyForDeploymentPostprocessing = 0;
		};
		1D274E1124EACDAE00599FFC /* Sources */ = {
			isa = PBXSourcesBuildPhase;
			buildActionMask = 2147483647;
			files = (
				1D274E1A24EACDAE00599FFC /* testTests.swift in Sources */,
			);
			runOnlyForDeploymentPostprocessing = 0;
		};
		1D274E1C24EACDAE00599FFC /* Sources */ = {
			isa = PBXSourcesBuildPhase;
			buildActionMask = 2147483647;
			files = (
				1D274E2524EACDAE00599FFC /* testUITests.swift in Sources */,
			);
			runOnlyForDeploymentPostprocessing = 0;
		};
/* End PBXSourcesBuildPhase section */

/* Begin PBXTargetDependency section */
		1D274E1724EACDAE00599FFC /* PBXTargetDependency */ = {
			isa = PBXTargetDependency;
			target = 1D274DFE24EACDAC00599FFC /* test */;
			targetProxy = 1D274E1624EACDAE00599FFC /* PBXContainerItemProxy */;
		};
		1D274E2224EACDAE00599FFC /* PBXTargetDependency */ = {
			isa = PBXTargetDependency;
			target = 1D274DFE24EACDAC00599FFC /* test */;
			targetProxy = 1D274E2124EACDAE00599FFC /* PBXContainerItemProxy */;
		};
/* End PBXTargetDependency section */

/* Begin PBXVariantGroup section */
		1D274E0D24EACDAE00599FFC /* LaunchScreen.storyboard */ = {
			isa = PBXVariantGroup;
			children = (
				1D274E0E24EACDAE00599FFC /* Base */,
			);
			name = LaunchScreen.storyboard;
			sourceTree = "<group>";
		};
/* End PBXVariantGroup section */

/* Begin XCBuildConfiguration section */
		1D274E2724EACDAE00599FFC /* Debug */ = {
			isa = XCBuildConfiguration;
			buildSettings = {
				ALWAYS_SEARCH_USER_PATHS = NO;
				CLANG_ANALYZER_NONNULL = YES;
				CLANG_ANALYZER_NUMBER_OBJECT_CONVERSION = YES_AGGRESSIVE;
				CLANG_CXX_LANGUAGE_STANDARD = "gnu++14";
				CLANG_CXX_LIBRARY = "libc++";
				CLANG_ENABLE_MODULES = YES;
				CLANG_ENABLE_OBJC_ARC = YES;
				CLANG_ENABLE_OBJC_WEAK = YES;
				CLANG_WARN_BLOCK_CAPTURE_AUTORELEASING = YES;
				CLANG_WARN_BOOL_CONVERSION = YES;
				CLANG_WARN_COMMA = YES;
				CLANG_WARN_CONSTANT_CONVERSION = YES;
				CLANG_WARN_DEPRECATED_OBJC_IMPLEMENTATIONS = YES;
				CLANG_WARN_DIRECT_OBJC_ISA_USAGE = YES_ERROR;
				CLANG_WARN_DOCUMENTATION_COMMENTS = YES;
				CLANG_WARN_EMPTY_BODY = YES;
				CLANG_WARN_ENUM_CONVERSION = YES;
				CLANG_WARN_INFINITE_RECURSION = YES;
				CLANG_WARN_INT_CONVERSION = YES;
				CLANG_WARN_NON_LITERAL_NULL_CONVERSION = YES;
				CLANG_WARN_OBJC_IMPLICIT_RETAIN_SELF = YES;
				CLANG_WARN_OBJC_LITERAL_CONVERSION = YES;
				CLANG_WARN_OBJC_ROOT_CLASS = YES_ERROR;
				CLANG_WARN_RANGE_LOOP_ANALYSIS = YES;
				CLANG_WARN_STRICT_PROTOTYPES = YES;
				CLANG_WARN_SUSPICIOUS_MOVE = YES;
				CLANG_WARN_UNGUARDED_AVAILABILITY = YES_AGGRESSIVE;
				CLANG_WARN_UNREACHABLE_CODE = YES;
				CLANG_WARN__DUPLICATE_METHOD_MATCH = YES;
				COPY_PHASE_STRIP = NO;
				DEBUG_INFORMATION_FORMAT = dwarf;
				ENABLE_STRICT_OBJC_MSGSEND = YES;
				ENABLE_TESTABILITY = YES;
				GCC_C_LANGUAGE_STANDARD = gnu11;
				GCC_DYNAMIC_NO_PIC = NO;
				GCC_NO_COMMON_BLOCKS = YES;
				GCC_OPTIMIZATION_LEVEL = 0;
				GCC_PREPROCESSOR_DEFINITIONS = (
					"DEBUG=1",
					"$(inherited)",
				);
				GCC_WARN_64_TO_32_BIT_CONVERSION = YES;
				GCC_WARN_ABOUT_RETURN_TYPE = YES_ERROR;
				GCC_WARN_UNDECLARED_SELECTOR = YES;
				GCC_WARN_UNINITIALIZED_AUTOS = YES_AGGRESSIVE;
				GCC_WARN_UNUSED_FUNCTION = YES;
				GCC_WARN_UNUSED_VARIABLE = YES;
				IPHONEOS_DEPLOYMENT_TARGET = 13.6;
				MTL_ENABLE_DEBUG_INFO = INCLUDE_SOURCE;
				MTL_FAST_MATH = YES;
				ONLY_ACTIVE_ARCH = YES;
				SDKROOT = iphoneos;
				SWIFT_ACTIVE_COMPILATION_CONDITIONS = DEBUG;
				SWIFT_OPTIMIZATION_LEVEL = "-Onone";
			};
			name = Debug;
		};
		1D274E2824EACDAE00599FFC /* Release */ = {
			isa = XCBuildConfiguration;
			buildSettings = {
				ALWAYS_SEARCH_USER_PATHS = NO;
				CLANG_ANALYZER_NONNULL = YES;
				CLANG_ANALYZER_NUMBER_OBJECT_CONVERSION = YES_AGGRESSIVE;
				CLANG_CXX_LANGUAGE_STANDARD = "gnu++14";
				CLANG_CXX_LIBRARY = "libc++";
				CLANG_ENABLE_MODULES = YES;
				CLANG_ENABLE_OBJC_ARC = YES;
				CLANG_ENABLE_OBJC_WEAK = YES;
				CLANG_WARN_BLOCK_CAPTURE_AUTORELEASING = YES;
				CLANG_WARN_BOOL_CONVERSION = YES;
				CLANG_WARN_COMMA = YES;
				CLANG_WARN_CONSTANT_CONVERSION = YES;
				CLANG_WARN_DEPRECATED_OBJC_IMPLEMENTATIONS = YES;
				CLANG_WARN_DIRECT_OBJC_ISA_USAGE = YES_ERROR;
				CLANG_WARN_DOCUMENTATION_COMMENTS = YES;
				CLANG_WARN_EMPTY_BODY = YES;
				CLANG_WARN_ENUM_CONVERSION = YES;
				CLANG_WARN_INFINITE_RECURSION = YES;
				CLANG_WARN_INT_CONVERSION = YES;
				CLANG_WARN_NON_LITERAL_NULL_CONVERSION = YES;
				CLANG_WARN_OBJC_IMPLICIT_RETAIN_SELF = YES;
				CLANG_WARN_OBJC_LITERAL_CONVERSION = YES;
				CLANG_WARN_OBJC_ROOT_CLASS = YES_ERROR;
				CLANG_WARN_RANGE_LOOP_ANALYSIS = YES;
				CLANG_WARN_STRICT_PROTOTYPES = YES;
				CLANG_WARN_SUSPICIOUS_MOVE = YES;
				CLANG_WARN_UNGUARDED_AVAILABILITY = YES_AGGRESSIVE;
				CLANG_WARN_UNREACHABLE_CODE = YES;
				CLANG_WARN__DUPLICATE_METHOD_MATCH = YES;
				COPY_PHASE_STRIP = NO;
				DEBUG_INFORMATION_FORMAT = "dwarf-with-dsym";
				ENABLE_NS_ASSERTIONS = NO;
				ENABLE_STRICT_OBJC_MSGSEND = YES;
				GCC_C_LANGUAGE_STANDARD = gnu11;
				GCC_NO_COMMON_BLOCKS = YES;
				GCC_WARN_64_TO_32_BIT_CONVERSION = YES;
				GCC_WARN_ABOUT_RETURN_TYPE = YES_ERROR;
				GCC_WARN_UNDECLARED_SELECTOR = YES;
				GCC_WARN_UNINITIALIZED_AUTOS = YES_AGGRESSIVE;
				GCC_WARN_UNUSED_FUNCTION = YES;
				GCC_WARN_UNUSED_VARIABLE = YES;
				IPHONEOS_DEPLOYMENT_TARGET = 13.6;
				MTL_ENABLE_DEBUG_INFO = NO;
				MTL_FAST_MATH = YES;
				SDKROOT = iphoneos;
				SWIFT_COMPILATION_MODE = wholemodule;
				SWIFT_OPTIMIZATION_LEVEL = "-O";
				VALIDATE_PRODUCT = YES;
			};
			name = Release;
		};
		1D274E2A24EACDAE00599FFC /* Debug */ = {
			isa = XCBuildConfiguration;
			buildSettings = {
				ASSETCATALOG_COMPILER_APPICON_NAME = AppIcon;
				CODE_SIGN_STYLE = Automatic;
				DEVELOPMENT_ASSET_PATHS = "\"test/Preview Content\"";
				DEVELOPMENT_TEAM = 25DMMJ3YAS;
				ENABLE_PREVIEWS = YES;
				INFOPLIST_FILE = test/Info.plist;
				LD_RUNPATH_SEARCH_PATHS = (
					"$(inherited)",
					"@executable_path/Frameworks",
				);
				PRODUCT_BUNDLE_IDENTIFIER = prueba.fl;
				PRODUCT_NAME = "$(TARGET_NAME)";
				SWIFT_VERSION = 5.0;
				TARGETED_DEVICE_FAMILY = "1,2";
			};
			name = Debug;
		};
		1D274E2B24EACDAE00599FFC /* Release */ = {
			isa = XCBuildConfiguration;
			buildSettings = {
				ASSETCATALOG_COMPILER_APPICON_NAME = AppIcon;
				CODE_SIGN_STYLE = Automatic;
				DEVELOPMENT_ASSET_PATHS = "\"test/Preview Content\"";
				DEVELOPMENT_TEAM = 25DMMJ3YAS;
				ENABLE_PREVIEWS = YES;
				INFOPLIST_FILE = test/Info.plist;
				LD_RUNPATH_SEARCH_PATHS = (
					"$(inherited)",
					"@executable_path/Frameworks",
				);
				PRODUCT_BUNDLE_IDENTIFIER = prueba.fl;
				PRODUCT_NAME = "$(TARGET_NAME)";
				SWIFT_VERSION = 5.0;
				TARGETED_DEVICE_FAMILY = "1,2";
			};
			name = Release;
		};
		1D274E2D24EACDAE00599FFC /* Debug */ = {
			isa = XCBuildConfiguration;
			buildSettings = {
				ALWAYS_EMBED_SWIFT_STANDARD_LIBRARIES = YES;
				BUNDLE_LOADER = "$(TEST_HOST)";
				CODE_SIGN_STYLE = Automatic;
				DEVELOPMENT_TEAM = 25DMMJ3YAS;
				INFOPLIST_FILE = testTests/Info.plist;
				IPHONEOS_DEPLOYMENT_TARGET = 13.6;
				LD_RUNPATH_SEARCH_PATHS = (
					"$(inherited)",
					"@executable_path/Frameworks",
					"@loader_path/Frameworks",
				);
				PRODUCT_BUNDLE_IDENTIFIER = prueba.testTests;
				PRODUCT_NAME = "$(TARGET_NAME)";
				SWIFT_VERSION = 5.0;
				TARGETED_DEVICE_FAMILY = "1,2";
				TEST_HOST = "$(BUILT_PRODUCTS_DIR)/test.app/test";
			};
			name = Debug;
		};
		1D274E2E24EACDAE00599FFC /* Release */ = {
			isa = XCBuildConfiguration;
			buildSettings = {
				ALWAYS_EMBED_SWIFT_STANDARD_LIBRARIES = YES;
				BUNDLE_LOADER = "$(TEST_HOST)";
				CODE_SIGN_STYLE = Automatic;
				DEVELOPMENT_TEAM = 25DMMJ3YAS;
				INFOPLIST_FILE = testTests/Info.plist;
				IPHONEOS_DEPLOYMENT_TARGET = 13.6;
				LD_RUNPATH_SEARCH_PATHS = (
					"$(inherited)",
					"@executable_path/Frameworks",
					"@loader_path/Frameworks",
				);
				PRODUCT_BUNDLE_IDENTIFIER = prueba.testTests;
				PRODUCT_NAME = "$(TARGET_NAME)";
				SWIFT_VERSION = 5.0;
				TARGETED_DEVICE_FAMILY = "1,2";
				TEST_HOST = "$(BUILT_PRODUCTS_DIR)/test.app/test";
			};
			name = Release;
		};
		1D274E3024EACDAE00599FFC /* Debug */ = {
			isa = XCBuildConfiguration;
			buildSettings = {
				ALWAYS_EMBED_SWIFT_STANDARD_LIBRARIES = YES;
				CODE_SIGN_STYLE = Automatic;
				DEVELOPMENT_TEAM = 25DMMJ3YAS;
				INFOPLIST_FILE = testUITests/Info.plist;
				LD_RUNPATH_SEARCH_PATHS = (
					"$(inherited)",
					"@executable_path/Frameworks",
					"@loader_path/Frameworks",
				);
				PRODUCT_BUNDLE_IDENTIFIER = prueba.testUITests;
				PRODUCT_NAME = "$(TARGET_NAME)";
				SWIFT_VERSION = 5.0;
				TARGETED_DEVICE_FAMILY = "1,2";
				TEST_TARGET_NAME = test;
			};
			name = Debug;
		};
		1D274E3124EACDAE00599FFC /* Release */ = {
			isa = XCBuildConfiguration;
			buildSettings = {
				ALWAYS_EMBED_SWIFT_STANDARD_LIBRARIES = YES;
				CODE_SIGN_STYLE = Automatic;
				DEVELOPMENT_TEAM = 25DMMJ3YAS;
				INFOPLIST_FILE = testUITests/Info.plist;
				LD_RUNPATH_SEARCH_PATHS = (
					"$(inherited)",
					"@executable_path/Frameworks",
					"@loader_path/Frameworks",
				);
				PRODUCT_BUNDLE_IDENTIFIER = prueba.testUITests;
				PRODUCT_NAME = "$(TARGET_NAME)";
				SWIFT_VERSION = 5.0;
				TARGETED_DEVICE_FAMILY = "1,2";
				TEST_TARGET_NAME = test;
			};
			name = Release;
		};
/* End XCBuildConfiguration section */

/* Begin XCConfigurationList section */
		1D274DFA24EACDAC00599FFC /* Build configuration list for PBXProject "test" */ = {
			isa = XCConfigurationList;
			buildConfigurations = (
				1D274E2724EACDAE00599FFC /* Debug */,
				1D274E2824EACDAE00599FFC /* Release */,
			);
			defaultConfigurationIsVisible = 0;
			defaultConfigurationName = Release;
		};
		1D274E2924EACDAE00599FFC /* Build configuration list for PBXNativeTarget "test" */ = {
			isa = XCConfigurationList;
			buildConfigurations = (
				1D274E2A24EACDAE00599FFC /* Debug */,
				1D274E2B24EACDAE00599FFC /* Release */,
			);
			defaultConfigurationIsVisible = 0;
			defaultConfigurationName = Release;
		};
		1D274E2C24EACDAE00599FFC /* Build configuration list for PBXNativeTarget "testTests" */ = {
			isa = XCConfigurationList;
			buildConfigurations = (
				1D274E2D24EACDAE00599FFC /* Debug */,
				1D274E2E24EACDAE00599FFC /* Release */,
			);
			defaultConfigurationIsVisible = 0;
			defaultConfigurationName = Release;
		};
		1D274E2F24EACDAE00599FFC /* Build configuration list for PBXNativeTarget "testUITests" */ = {
			isa = XCConfigurationList;
			buildConfigurations = (
				1D274E3024EACDAE00599FFC /* Debug */,
				1D274E3124EACDAE00599FFC /* Release */,
			);
			defaultConfigurationIsVisible = 0;
			defaultConfigurationName = Release;
		};
/* End XCConfigurationList section */
	};
	rootObject = 1D274DF724EACDAC00599FFC /* Project object */;
}
